
Microsoft Visual Studio Solution File, Format Version 12.00
# Visual Studio Version 17
VisualStudioVersion = 17.5.33516.290
MinimumVisualStudioVersion = 10.0.40219.1
Project("{FAE04EC0-301F-11D3-BF4B-00C04F79EFBC}") = "ASP.NET_StaticVarkala", "ASP.NET_StaticVarkala\ASP.NET_StaticVarkala.csproj", "{68A09FC0-7D0B-41F5-8B26-024FC7FD8AE6}"
EndProject
Global
	GlobalSection(SolutionConfigurationPlatforms) = preSolution
		Debug|Any CPU = Debug|Any CPU
		Release|Any CPU = Release|Any CPU
	EndGlobalSection
	GlobalSection(ProjectConfigurationPlatforms) = postSolution
		{68A09FC0-7D0B-41F5-8B26-024FC7FD8AE6}.Debug|Any CPU.ActiveCfg = Debug|Any CPU
		{68A09FC0-7D0B-41F5-8B26-024FC7FD8AE6}.Debug|Any CPU.Build.0 = Debug|Any CPU
		{68A09FC0-7D0B-41F5-8B26-024FC7FD8AE6}.Release|Any CPU.ActiveCfg = Release|Any CPU
		{68A09FC0-7D0B-41F5-8B26-024FC7FD8AE6}.Release|Any CPU.Build.0 = Release|Any CPU
	EndGlobalSection
	GlobalSection(SolutionProperties) = preSolution
		HideSolutionNode = FALSE
	EndGlobalSection
	GlobalSection(ExtensibilityGlobals) = postSolution
		SolutionGuid = {BA77DAD9-E437-465B-9699-A513359DE847}
	EndGlobalSection
EndGlobal
